{
    "_meta": {
        "hash": {
            "sha256": "f09707097ea9876cc5881ab41d2efa91ec506091da1bbd34db6229cd98bf42e2"
        },
        "pipfile-spec": 6,
        "requires": {
            "python_version": "3.10"
        },
        "sources": [
            {
                "name": "pypi",
                "url": "https://pypi.org/simple",
                "verify_ssl": true
            }
        ]
    },
    "default": {
        "gunicorn": {
            "hashes": [
                "sha256:9dcc4547dbb1cb284accfb15ab5667a0e5d1881cc443e0677b4882a4067a807e",
                "sha256:e0a968b5ba15f8a328fdfd7ab1fcb5af4470c28aaf7e55df02a99bc13138e6e8"
            ],
            "index": "pypi",
            "version": "==20.1.0"
        },
        "pip": {
            "hashes": [
                "sha256:8d63fcd4ee293e30b644827268a0a973d080e5c7425ef26d427f5eb2126c7681",
                "sha256:9abf423d5d64f3289ab9d5bf31da9e6234f2e9c5d8dcf1423bcb46b809a02c2c"
            ],
            "index": "pypi",
            "version": "==22.2"
        },
        "setuptools": {
            "hashes": [
                "sha256:0d33c374d41c7863419fc8f6c10bfe25b7b498aa34164d135c622e52580c6b16",
                "sha256:c04b44a57a6265fe34a4a444e965884716d34bae963119a76353434d6f18e450"
            ],
            "markers": "python_version >= '3.7'",
            "version": "==63.2.0"
        }
    },
    "develop": {}
}
